PODS:
  - Alamofire (4.5.1)
  - Kingfisher (4.1.0)
  - ModelMapper (7.1.0)
  - Realm (2.10.2):
    - Realm/Headers (= 2.10.2)
  - Realm/Headers (2.10.2)
  - RealmSwift (2.10.2):
    - Realm (= 2.10.2)

DEPENDENCIES:
  - Alamofire
  - Kingfisher
  - ModelMapper
  - RealmSwift

SPEC CHECKSUMS:
  Alamofire: 2d95912bf4c34f164fdfc335872e8c312acaea4a
  Kingfisher: f14df8cbe576bf55f211fa589e9869bceb4ea87d
  ModelMapper: 0cc9e34061838c0ece4efd6ba3ae147bf7760a1b
  Realm: 0ef72b837fb67e9f4b098bac771ddd72c7fdbb69
  RealmSwift: 07a9ae0505091eda6b2ee7c190c3786d6e90a7b0

PODFILE CHECKSUM: 5b79798e5cf483855836d417a0788cad2ca13cfc

COCOAPODS: 1.3.1
