// !$*UTF8*$!
{
	archiveVersion = 1;
	classes = {
	};
	objectVersion = 48;
	objects = {

/* Begin PBXBuildFile section */
		2B0C5E721F87199A00FB4E7F /* FeedType.swift in Sources */ = {isa = PBXBuildFile; fileRef = 2B0C5E711F87199A00FB4E7F /* FeedType.swift */; };
		2B0C5E751F871C9600FB4E7F /* FeedViewModel.swift in Sources */ = {isa = PBXBuildFile; fileRef = 2B0C5E741F871C9600FB4E7F /* FeedViewModel.swift */; };
		2B0C5E771F871CA400FB4E7F /* FeedViewController.swift in Sources */ = {isa = PBXBuildFile; fileRef = 2B0C5E761F871CA400FB4E7F /* FeedViewController.swift */; };
		2B0C5E791F871D8000FB4E7F /* FeedResult.swift in Sources */ = {isa = PBXBuildFile; fileRef = 2B0C5E781F871D8000FB4E7F /* FeedResult.swift */; };
		2B0C5E7B1F871DE000FB4E7F /* FeedItem.swift in Sources */ = {isa = PBXBuildFile; fileRef = 2B0C5E7A1F871DE000FB4E7F /* FeedItem.swift */; };
		2B0C5E7D1F871E2200FB4E7F /* Genre.swift in Sources */ = {isa = PBXBuildFile; fileRef = 2B0C5E7C1F871E2200FB4E7F /* Genre.swift */; };
		2B0C5E7F1F87244000FB4E7F /* FeedItemCell.swift in Sources */ = {isa = PBXBuildFile; fileRef = 2B0C5E7E1F87244000FB4E7F /* FeedItemCell.swift */; };
		2B9397D01F87341C0045D44D /* RealmHelper.swift in Sources */ = {isa = PBXBuildFile; fileRef = 2B9397CF1F87341C0045D44D /* RealmHelper.swift */; };
		2BF465DA1F866EB400B492C7 /* FeedTabBarController.swift in Sources */ = {isa = PBXBuildFile; fileRef = 2BF465D91F866EB400B492C7 /* FeedTabBarController.swift */; };
		2BF465E11F8670ED00B492C7 /* Feed.storyboard in Resources */ = {isa = PBXBuildFile; fileRef = 2BF465E01F8670ED00B492C7 /* Feed.storyboard */; };
		2BF465E41F86729700B492C7 /* FeedURLRequestable.swift in Sources */ = {isa = PBXBuildFile; fileRef = 2BF465E31F86729700B492C7 /* FeedURLRequestable.swift */; };
		2BF465E61F86729E00B492C7 /* URLRequestable.swift in Sources */ = {isa = PBXBuildFile; fileRef = 2BF465E51F86729E00B492C7 /* URLRequestable.swift */; };
		2BF465E91F8672D100B492C7 /* CompletionType.swift in Sources */ = {isa = PBXBuildFile; fileRef = 2BF465E81F8672D100B492C7 /* CompletionType.swift */; };
		2BF465EB1F8672EF00B492C7 /* Endpoints.swift in Sources */ = {isa = PBXBuildFile; fileRef = 2BF465EA1F8672EF00B492C7 /* Endpoints.swift */; };
		2BF465ED1F8674A000B492C7 /* NetworkError.swift in Sources */ = {isa = PBXBuildFile; fileRef = 2BF465EC1F8674A000B492C7 /* NetworkError.swift */; };
		2BF6C9911F8669AB007A8D9D /* AppDelegate.swift in Sources */ = {isa = PBXBuildFile; fileRef = 2BF6C9901F8669AB007A8D9D /* AppDelegate.swift */; };
		2BF6C9961F8669AB007A8D9D /* Main.storyboard in Resources */ = {isa = PBXBuildFile; fileRef = 2BF6C9941F8669AB007A8D9D /* Main.storyboard */; };
		2BF6C9981F8669AB007A8D9D /* Assets.xcassets in Resources */ = {isa = PBXBuildFile; fileRef = 2BF6C9971F8669AB007A8D9D /* Assets.xcassets */; };
		2BF6C99B1F8669AB007A8D9D /* LaunchScreen.storyboard in Resources */ = {isa = PBXBuildFile; fileRef = 2BF6C9991F8669AB007A8D9D /* LaunchScreen.storyboard */; };
		2BF6C9A61F8669AB007A8D9D /* FleetalogTests.swift in Sources */ = {isa = PBXBuildFile; fileRef = 2BF6C9A51F8669AB007A8D9D /* FleetalogTests.swift */; };
		33AB8C7A3314F1105D558606 /* Pods_Fleetalog.framework in Frameworks */ = {isa = PBXBuildFile; fileRef = FADC912C7718AE1C57F414D9 /* Pods_Fleetalog.framework */; };
/* End PBXBuildFile section */

/* Begin PBXContainerItemProxy section */
		2BF6C9A21F8669AB007A8D9D /* PBXContainerItemProxy */ = {
			isa = PBXContainerItemProxy;
			containerPortal = 2BF6C9851F8669AB007A8D9D /* Project object */;
			proxyType = 1;
			remoteGlobalIDString = 2BF6C98C1F8669AB007A8D9D;
			remoteInfo = Fleetalog;
		};
/* End PBXContainerItemProxy section */

/* Begin PBXFileReference section */
		2B0C5E711F87199A00FB4E7F /* FeedType.swift */ = {isa = PBXFileReference; lastKnownFileType = sourcecode.swift; path = FeedType.swift; sourceTree = "<group>"; };
		2B0C5E741F871C9600FB4E7F /* FeedViewModel.swift */ = {isa = PBXFileReference; lastKnownFileType = sourcecode.swift; path = FeedViewModel.swift; sourceTree = "<group>"; };
		2B0C5E761F871CA400FB4E7F /* FeedViewController.swift */ = {isa = PBXFileReference; lastKnownFileType = sourcecode.swift; path = FeedViewController.swift; sourceTree = "<group>"; };
		2B0C5E781F871D8000FB4E7F /* FeedResult.swift */ = {isa = PBXFileReference; lastKnownFileType = sourcecode.swift; path = FeedResult.swift; sourceTree = "<group>"; };
		2B0C5E7A1F871DE000FB4E7F /* FeedItem.swift */ = {isa = PBXFileReference; lastKnownFileType = sourcecode.swift; path = FeedItem.swift; sourceTree = "<group>"; };
		2B0C5E7C1F871E2200FB4E7F /* Genre.swift */ = {isa = PBXFileReference; lastKnownFileType = sourcecode.swift; path = Genre.swift; sourceTree = "<group>"; };
		2B0C5E7E1F87244000FB4E7F /* FeedItemCell.swift */ = {isa = PBXFileReference; lastKnownFileType = sourcecode.swift; path = FeedItemCell.swift; sourceTree = "<group>"; };
		2B9397CF1F87341C0045D44D /* RealmHelper.swift */ = {isa = PBXFileReference; lastKnownFileType = sourcecode.swift; path = RealmHelper.swift; sourceTree = "<group>"; };
		2BF465D91F866EB400B492C7 /* FeedTabBarController.swift */ = {isa = PBXFileReference; lastKnownFileType = sourcecode.swift; path = FeedTabBarController.swift; sourceTree = "<group>"; };
		2BF465E01F8670ED00B492C7 /* Feed.storyboard */ = {isa = PBXFileReference; lastKnownFileType = file.storyboard; path = Feed.storyboard; sourceTree = "<group>"; };
		2BF465E31F86729700B492C7 /* FeedURLRequestable.swift */ = {isa = PBXFileReference; lastKnownFileType = sourcecode.swift; path = FeedURLRequestable.swift; sourceTree = "<group>"; };
		2BF465E51F86729E00B492C7 /* URLRequestable.swift */ = {isa = PBXFileReference; lastKnownFileType = sourcecode.swift; path = URLRequestable.swift; sourceTree = "<group>"; };
		2BF465E81F8672D100B492C7 /* CompletionType.swift */ = {isa = PBXFileReference; lastKnownFileType = sourcecode.swift; path = CompletionType.swift; sourceTree = "<group>"; };
		2BF465EA1F8672EF00B492C7 /* Endpoints.swift */ = {isa = PBXFileReference; lastKnownFileType = sourcecode.swift; path = Endpoints.swift; sourceTree = "<group>"; };
		2BF465EC1F8674A000B492C7 /* NetworkError.swift */ = {isa = PBXFileReference; lastKnownFileType = sourcecode.swift; path = NetworkError.swift; sourceTree = "<group>"; };
		2BF6C98D1F8669AB007A8D9D /* Fleetalog.app */ = {isa = PBXFileReference; explicitFileType = wrapper.application; includeInIndex = 0; path = Fleetalog.app; sourceTree = BUILT_PRODUCTS_DIR; };
		2BF6C9901F8669AB007A8D9D /* AppDelegate.swift */ = {isa = PBXFileReference; lastKnownFileType = sourcecode.swift; path = AppDelegate.swift; sourceTree = "<group>"; };
		2BF6C9951F8669AB007A8D9D /* Base */ = {isa = PBXFileReference; lastKnownFileType = file.storyboard; name = Base; path = Base.lproj/Main.storyboard; sourceTree = "<group>"; };
		2BF6C9971F8669AB007A8D9D /* Assets.xcassets */ = {isa = PBXFileReference; lastKnownFileType = folder.assetcatalog; path = Assets.xcassets; sourceTree = "<group>"; };
		2BF6C99A1F8669AB007A8D9D /* Base */ = {isa = PBXFileReference; lastKnownFileType = file.storyboard; name = Base; path = Base.lproj/LaunchScreen.storyboard; sourceTree = "<group>"; };
		2BF6C99C1F8669AB007A8D9D /* Info.plist */ = {isa = PBXFileReference; lastKnownFileType = text.plist.xml; path = Info.plist; sourceTree = "<group>"; };
		2BF6C9A11F8669AB007A8D9D /* FleetalogTests.xctest */ = {isa = PBXFileReference; explicitFileType = wrapper.cfbundle; includeInIndex = 0; path = FleetalogTests.xctest; sourceTree = BUILT_PRODUCTS_DIR; };
		2BF6C9A51F8669AB007A8D9D /* FleetalogTests.swift */ = {isa = PBXFileReference; lastKnownFileType = sourcecode.swift; path = FleetalogTests.swift; sourceTree = "<group>"; };
		2BF6C9A71F8669AB007A8D9D /* Info.plist */ = {isa = PBXFileReference; lastKnownFileType = text.plist.xml; path = Info.plist; sourceTree = "<group>"; };
		3D26BBB762171195501519DD /* Pods-Fleetalog.release.xcconfig */ = {isa = PBXFileReference; includeInIndex = 1; lastKnownFileType = text.xcconfig; name = "Pods-Fleetalog.release.xcconfig"; path = "Pods/Target Support Files/Pods-Fleetalog/Pods-Fleetalog.release.xcconfig"; sourceTree = "<group>"; };
		7C2DC7A0D0CC47A66C344CA0 /* Pods-Fleetalog.debug.xcconfig */ = {isa = PBXFileReference; includeInIndex = 1; lastKnownFileType = text.xcconfig; name = "Pods-Fleetalog.debug.xcconfig"; path = "Pods/Target Support Files/Pods-Fleetalog/Pods-Fleetalog.debug.xcconfig"; sourceTree = "<group>"; };
		FADC912C7718AE1C57F414D9 /* Pods_Fleetalog.framework */ = {isa = PBXFileReference; explicitFileType = wrapper.framework; includeInIndex = 0; path = Pods_Fleetalog.framework; sourceTree = BUILT_PRODUCTS_DIR; };
/* End PBXFileReference section */

/* Begin PBXFrameworksBuildPhase section */
		2BF6C98A1F8669AB007A8D9D /* Frameworks */ = {
			isa = PBXFrameworksBuildPhase;
			buildActionMask = 2147483647;
			files = (
				33AB8C7A3314F1105D558606 /* Pods_Fleetalog.framework in Frameworks */,
			);
			runOnlyForDeploymentPostprocessing = 0;
		};
		2BF6C99E1F8669AB007A8D9D /* Frameworks */ = {
			isa = PBXFrameworksBuildPhase;
			buildActionMask = 2147483647;
			files = (
			);
			runOnlyForDeploymentPostprocessing = 0;
		};
/* End PBXFrameworksBuildPhase section */

/* Begin PBXGroup section */
		2B0C5E701F87198E00FB4E7F /* Models */ = {
			isa = PBXGroup;
			children = (
				2B0C5E711F87199A00FB4E7F /* FeedType.swift */,
				2B0C5E781F871D8000FB4E7F /* FeedResult.swift */,
				2B0C5E7A1F871DE000FB4E7F /* FeedItem.swift */,
				2B0C5E7C1F871E2200FB4E7F /* Genre.swift */,
			);
			path = Models;
			sourceTree = "<group>";
		};
		2B0C5E731F871C8A00FB4E7F /* ViewModels */ = {
			isa = PBXGroup;
			children = (
				2B0C5E741F871C9600FB4E7F /* FeedViewModel.swift */,
			);
			path = ViewModels;
			sourceTree = "<group>";
		};
		2BF465D81F866E9900B492C7 /* ViewControllers */ = {
			isa = PBXGroup;
			children = (
				2BF465D91F866EB400B492C7 /* FeedTabBarController.swift */,
				2B0C5E761F871CA400FB4E7F /* FeedViewController.swift */,
				2B0C5E7E1F87244000FB4E7F /* FeedItemCell.swift */,
			);
			path = ViewControllers;
			sourceTree = "<group>";
		};
		2BF465DB1F866EBA00B492C7 /* Application */ = {
			isa = PBXGroup;
			children = (
				2BF6C9901F8669AB007A8D9D /* AppDelegate.swift */,
				2BF6C99C1F8669AB007A8D9D /* Info.plist */,
			);
			path = Application;
			sourceTree = "<group>";
		};
		2BF465DC1F866ED100B492C7 /* Resources */ = {
			isa = PBXGroup;
			children = (
				2BF6C9971F8669AB007A8D9D /* Assets.xcassets */,
				2BF465DD1F866EDB00B492C7 /* Storyboards */,
			);
			path = Resources;
			sourceTree = "<group>";
		};
		2BF465DD1F866EDB00B492C7 /* Storyboards */ = {
			isa = PBXGroup;
			children = (
				2BF6C9991F8669AB007A8D9D /* LaunchScreen.storyboard */,
				2BF6C9941F8669AB007A8D9D /* Main.storyboard */,
				2BF465E01F8670ED00B492C7 /* Feed.storyboard */,
			);
			path = Storyboards;
			sourceTree = "<group>";
		};
		2BF465E21F86727E00B492C7 /* Network */ = {
			isa = PBXGroup;
			children = (
				2BF465E31F86729700B492C7 /* FeedURLRequestable.swift */,
				2BF465E51F86729E00B492C7 /* URLRequestable.swift */,
				2BF465EA1F8672EF00B492C7 /* Endpoints.swift */,
				2BF465EC1F8674A000B492C7 /* NetworkError.swift */,
			);
			path = Network;
			sourceTree = "<group>";
		};
		2BF465E71F8672C800B492C7 /* Helpers */ = {
			isa = PBXGroup;
			children = (
				2BF465E81F8672D100B492C7 /* CompletionType.swift */,
				2B9397CF1F87341C0045D44D /* RealmHelper.swift */,
			);
			path = Helpers;
			sourceTree = "<group>";
		};
		2BF6C9841F8669AB007A8D9D = {
			isa = PBXGroup;
			children = (
				2BF6C98F1F8669AB007A8D9D /* Fleetalog */,
				2BF6C9A41F8669AB007A8D9D /* FleetalogTests */,
				2BF6C98E1F8669AB007A8D9D /* Products */,
				EBCA51CFC587AFC00E3FA762 /* Pods */,
				AF08449E7A588D786B313C44 /* Frameworks */,
			);
			sourceTree = "<group>";
		};
		2BF6C98E1F8669AB007A8D9D /* Products */ = {
			isa = PBXGroup;
			children = (
				2BF6C98D1F8669AB007A8D9D /* Fleetalog.app */,
				2BF6C9A11F8669AB007A8D9D /* FleetalogTests.xctest */,
			);
			name = Products;
			sourceTree = "<group>";
		};
		2BF6C98F1F8669AB007A8D9D /* Fleetalog */ = {
			isa = PBXGroup;
			children = (
				2BF465DB1F866EBA00B492C7 /* Application */,
				2BF465D81F866E9900B492C7 /* ViewControllers */,
				2B0C5E731F871C8A00FB4E7F /* ViewModels */,
				2B0C5E701F87198E00FB4E7F /* Models */,
				2BF465E21F86727E00B492C7 /* Network */,
				2BF465E71F8672C800B492C7 /* Helpers */,
				2BF465DC1F866ED100B492C7 /* Resources */,
			);
			path = Fleetalog;
			sourceTree = "<group>";
		};
		2BF6C9A41F8669AB007A8D9D /* FleetalogTests */ = {
			isa = PBXGroup;
			children = (
				2BF6C9A51F8669AB007A8D9D /* FleetalogTests.swift */,
				2BF6C9A71F8669AB007A8D9D /* Info.plist */,
			);
			path = FleetalogTests;
			sourceTree = "<group>";
		};
		AF08449E7A588D786B313C44 /* Frameworks */ = {
			isa = PBXGroup;
			children = (
				FADC912C7718AE1C57F414D9 /* Pods_Fleetalog.framework */,
			);
			name = Frameworks;
			sourceTree = "<group>";
		};
		EBCA51CFC587AFC00E3FA762 /* Pods */ = {
			isa = PBXGroup;
			children = (
				7C2DC7A0D0CC47A66C344CA0 /* Pods-Fleetalog.debug.xcconfig */,
				3D26BBB762171195501519DD /* Pods-Fleetalog.release.xcconfig */,
			);
			name = Pods;
			sourceTree = "<group>";
		};
/* End PBXGroup section */

/* Begin PBXNativeTarget section */
		2BF6C98C1F8669AB007A8D9D /* Fleetalog */ = {
			isa = PBXNativeTarget;
			buildConfigurationList = 2BF6C9AA1F8669AB007A8D9D /* Build configuration list for PBXNativeTarget "Fleetalog" */;
			buildPhases = (
				4D104B0E01B09E61AA683451 /* [CP] Check Pods Manifest.lock */,
				2BF6C9891F8669AB007A8D9D /* Sources */,
				2BF6C98A1F8669AB007A8D9D /* Frameworks */,
				2BF6C98B1F8669AB007A8D9D /* Resources */,
				C541DC27ED09F09FEE91EE39 /* [CP] Embed Pods Frameworks */,
				F980A24BCE5E786E084F1060 /* [CP] Copy Pods Resources */,
			);
			buildRules = (
			);
			dependencies = (
			);
			name = Fleetalog;
			productName = Fleetalog;
			productReference = 2BF6C98D1F8669AB007A8D9D /* Fleetalog.app */;
			productType = "com.apple.product-type.application";
		};
		2BF6C9A01F8669AB007A8D9D /* FleetalogTests */ = {
			isa = PBXNativeTarget;
			buildConfigurationList = 2BF6C9AD1F8669AB007A8D9D /* Build configuration list for PBXNativeTarget "FleetalogTests" */;
			buildPhases = (
				2BF6C99D1F8669AB007A8D9D /* Sources */,
				2BF6C99E1F8669AB007A8D9D /* Frameworks */,
				2BF6C99F1F8669AB007A8D9D /* Resources */,
			);
			buildRules = (
			);
			dependencies = (
				2BF6C9A31F8669AB007A8D9D /* PBXTargetDependency */,
			);
			name = FleetalogTests;
			productName = FleetalogTests;
			productReference = 2BF6C9A11F8669AB007A8D9D /* FleetalogTests.xctest */;
			productType = "com.apple.product-type.bundle.unit-test";
		};
/* End PBXNativeTarget section */

/* Begin PBXProject section */
		2BF6C9851F8669AB007A8D9D /* Project object */ = {
			isa = PBXProject;
			attributes = {
				LastSwiftUpdateCheck = 0900;
				LastUpgradeCheck = 0900;
				ORGANIZATIONNAME = "Gilson Gil";
				TargetAttributes = {
					2BF6C98C1F8669AB007A8D9D = {
						CreatedOnToolsVersion = 9.0;
						ProvisioningStyle = Automatic;
					};
					2BF6C9A01F8669AB007A8D9D = {
						CreatedOnToolsVersion = 9.0;
						ProvisioningStyle = Automatic;
						TestTargetID = 2BF6C98C1F8669AB007A8D9D;
					};
				};
			};
			buildConfigurationList = 2BF6C9881F8669AB007A8D9D /* Build configuration list for PBXProject "Fleetalog" */;
			compatibilityVersion = "Xcode 8.0";
			developmentRegion = en;
			hasScannedForEncodings = 0;
			knownRegions = (
				en,
				Base,
			);
			mainGroup = 2BF6C9841F8669AB007A8D9D;
			productRefGroup = 2BF6C98E1F8669AB007A8D9D /* Products */;
			projectDirPath = "";
			projectRoot = "";
			targets = (
				2BF6C98C1F8669AB007A8D9D /* Fleetalog */,
				2BF6C9A01F8669AB007A8D9D /* FleetalogTests */,
			);
		};
/* End PBXProject section */

/* Begin PBXResourcesBuildPhase section */
		2BF6C98B1F8669AB007A8D9D /* Resources */ = {
			isa = PBXResourcesBuildPhase;
			buildActionMask = 2147483647;
			files = (
				2BF6C99B1F8669AB007A8D9D /* LaunchScreen.storyboard in Resources */,
				2BF6C9981F8669AB007A8D9D /* Assets.xcassets in Resources */,
				2BF465E11F8670ED00B492C7 /* Feed.storyboard in Resources */,
				2BF6C9961F8669AB007A8D9D /* Main.storyboard in Resources */,
			);
			runOnlyForDeploymentPostprocessing = 0;
		};
		2BF6C99F1F8669AB007A8D9D /* Resources */ = {
			isa = PBXResourcesBuildPhase;
			buildActionMask = 2147483647;
			files = (
			);
			runOnlyForDeploymentPostprocessing = 0;
		};
/* End PBXResourcesBuildPhase section */

/* Begin PBXShellScriptBuildPhase section */
		4D104B0E01B09E61AA683451 /* [CP] Check Pods Manifest.lock */ = {
			isa = PBXShellScriptBuildPhase;
			buildActionMask = 2147483647;
			files = (
			);
			inputPaths = (
				"${PODS_PODFILE_DIR_PATH}/Podfile.lock",
				"${PODS_ROOT}/Manifest.lock",
			);
			name = "[CP] Check Pods Manifest.lock";
			outputPaths = (
				"$(DERIVED_FILE_DIR)/Pods-Fleetalog-checkManifestLockResult.txt",
			);
			runOnlyForDeploymentPostprocessing = 0;
			shellPath = /bin/sh;
			shellScript = "diff \"${PODS_PODFILE_DIR_PATH}/Podfile.lock\" \"${PODS_ROOT}/Manifest.lock\" > /dev/null\nif [ $? != 0 ] ; then\n    # print error to STDERR\n    echo \"error: The sandbox is not in sync with the Podfile.lock. Run 'pod install' or update your CocoaPods installation.\" >&2\n    exit 1\nfi\n# This output is used by Xcode 'outputs' to avoid re-running this script phase.\necho \"SUCCESS\" > \"${SCRIPT_OUTPUT_FILE_0}\"\n";
			showEnvVarsInLog = 0;
		};
		C541DC27ED09F09FEE91EE39 /* [CP] Embed Pods Frameworks */ = {
			isa = PBXShellScriptBuildPhase;
			buildActionMask = 2147483647;
			files = (
			);
			inputPaths = (
				"${SRCROOT}/Pods/Target Support Files/Pods-Fleetalog/Pods-Fleetalog-frameworks.sh",
				"${BUILT_PRODUCTS_DIR}/Alamofire/Alamofire.framework",
				"${BUILT_PRODUCTS_DIR}/Kingfisher/Kingfisher.framework",
				"${BUILT_PRODUCTS_DIR}/ModelMapper/Mapper.framework",
				"${BUILT_PRODUCTS_DIR}/Realm/Realm.framework",
				"${BUILT_PRODUCTS_DIR}/RealmSwift/RealmSwift.framework",
			);
			name = "[CP] Embed Pods Frameworks";
			outputPaths = (
				"${TARGET_BUILD_DIR}/${FRAMEWORKS_FOLDER_PATH}/Alamofire.framework",
				"${TARGET_BUILD_DIR}/${FRAMEWORKS_FOLDER_PATH}/Kingfisher.framework",
				"${TARGET_BUILD_DIR}/${FRAMEWORKS_FOLDER_PATH}/Mapper.framework",
				"${TARGET_BUILD_DIR}/${FRAMEWORKS_FOLDER_PATH}/Realm.framework",
				"${TARGET_BUILD_DIR}/${FRAMEWORKS_FOLDER_PATH}/RealmSwift.framework",
			);
			runOnlyForDeploymentPostprocessing = 0;
			shellPath = /bin/sh;
			shellScript = "\"${SRCROOT}/Pods/Target Support Files/Pods-Fleetalog/Pods-Fleetalog-frameworks.sh\"\n";
			showEnvVarsInLog = 0;
		};
		F980A24BCE5E786E084F1060 /* [CP] Copy Pods Resources */ = {
			isa = PBXShellScriptBuildPhase;
			buildActionMask = 2147483647;
			files = (
			);
			inputPaths = (
			);
			name = "[CP] Copy Pods Resources";
			outputPaths = (
			);
			runOnlyForDeploymentPostprocessing = 0;
			shellPath = /bin/sh;
			shellScript = "\"${SRCROOT}/Pods/Target Support Files/Pods-Fleetalog/Pods-Fleetalog-resources.sh\"\n";
			showEnvVarsInLog = 0;
		};
/* End PBXShellScriptBuildPhase section */

/* Begin PBXSourcesBuildPhase section */
		2BF6C9891F8669AB007A8D9D /* Sources */ = {
			isa = PBXSourcesBuildPhase;
			buildActionMask = 2147483647;
			files = (
				2B0C5E7F1F87244000FB4E7F /* FeedItemCell.swift in Sources */,
				2B9397D01F87341C0045D44D /* RealmHelper.swift in Sources */,
				2BF6C9911F8669AB007A8D9D /* AppDelegate.swift in Sources */,
				2BF465ED1F8674A000B492C7 /* NetworkError.swift in Sources */,
				2B0C5E771F871CA400FB4E7F /* FeedViewController.swift in Sources */,
				2BF465DA1F866EB400B492C7 /* FeedTabBarController.swift in Sources */,
				2B0C5E791F871D8000FB4E7F /* FeedResult.swift in Sources */,
				2BF465E41F86729700B492C7 /* FeedURLRequestable.swift in Sources */,
				2BF465E91F8672D100B492C7 /* CompletionType.swift in Sources */,
				2BF465EB1F8672EF00B492C7 /* Endpoints.swift in Sources */,
				2B0C5E7B1F871DE000FB4E7F /* FeedItem.swift in Sources */,
				2B0C5E7D1F871E2200FB4E7F /* Genre.swift in Sources */,
				2BF465E61F86729E00B492C7 /* URLRequestable.swift in Sources */,
				2B0C5E721F87199A00FB4E7F /* FeedType.swift in Sources */,
				2B0C5E751F871C9600FB4E7F /* FeedViewModel.swift in Sources */,
			);
			runOnlyForDeploymentPostprocessing = 0;
		};
		2BF6C99D1F8669AB007A8D9D /* Sources */ = {
			isa = PBXSourcesBuildPhase;
			buildActionMask = 2147483647;
			files = (
				2BF6C9A61F8669AB007A8D9D /* FleetalogTests.swift in Sources */,
			);
			runOnlyForDeploymentPostprocessing = 0;
		};
/* End PBXSourcesBuildPhase section */

/* Begin PBXTargetDependency section */
		2BF6C9A31F8669AB007A8D9D /* PBXTargetDependency */ = {
			isa = PBXTargetDependency;
			target = 2BF6C98C1F8669AB007A8D9D /* Fleetalog */;
			targetProxy = 2BF6C9A21F8669AB007A8D9D /* PBXContainerItemProxy */;
		};
/* End PBXTargetDependency section */

/* Begin PBXVariantGroup section */
		2BF6C9941F8669AB007A8D9D /* Main.storyboard */ = {
			isa = PBXVariantGroup;
			children = (
				2BF6C9951F8669AB007A8D9D /* Base */,
			);
			name = Main.storyboard;
			sourceTree = "<group>";
		};
		2BF6C9991F8669AB007A8D9D /* LaunchScreen.storyboard */ = {
			isa = PBXVariantGroup;
			children = (
				2BF6C99A1F8669AB007A8D9D /* Base */,
			);
			name = LaunchScreen.storyboard;
			sourceTree = "<group>";
		};
/* End PBXVariantGroup section */

/* Begin XCBuildConfiguration section */
		2BF6C9A81F8669AB007A8D9D /* Debug */ = {
			isa = XCBuildConfiguration;
			buildSettings = {
				ALWAYS_SEARCH_USER_PATHS = NO;
				CLANG_ANALYZER_NONNULL = YES;
				CLANG_ANALYZER_NUMBER_OBJECT_CONVERSION = YES_AGGRESSIVE;
				CLANG_CXX_LANGUAGE_STANDARD = "gnu++14";
				CLANG_CXX_LIBRARY = "libc++";
				CLANG_ENABLE_MODULES = YES;
				CLANG_ENABLE_OBJC_ARC = YES;
				CLANG_WARN_BLOCK_CAPTURE_AUTORELEASING = YES;
				CLANG_WARN_BOOL_CONVERSION = YES;
				CLANG_WARN_COMMA = YES;
				CLANG_WARN_CONSTANT_CONVERSION = YES;
				CLANG_WARN_DIRECT_OBJC_ISA_USAGE = YES_ERROR;
				CLANG_WARN_DOCUMENTATION_COMMENTS = YES;
				CLANG_WARN_EMPTY_BODY = YES;
				CLANG_WARN_ENUM_CONVERSION = YES;
				CLANG_WARN_INFINITE_RECURSION = YES;
				CLANG_WARN_INT_CONVERSION = YES;
				CLANG_WARN_NON_LITERAL_NULL_CONVERSION = YES;
				CLANG_WARN_OBJC_LITERAL_CONVERSION = YES;
				CLANG_WARN_OBJC_ROOT_CLASS = YES_ERROR;
				CLANG_WARN_RANGE_LOOP_ANALYSIS = YES;
				CLANG_WARN_STRICT_PROTOTYPES = YES;
				CLANG_WARN_SUSPICIOUS_MOVE = YES;
				CLANG_WARN_UNGUARDED_AVAILABILITY = YES_AGGRESSIVE;
				CLANG_WARN_UNREACHABLE_CODE = YES;
				CLANG_WARN__DUPLICATE_METHOD_MATCH = YES;
				CODE_SIGN_IDENTITY = "iPhone Developer";
				COPY_PHASE_STRIP = NO;
				DEBUG_INFORMATION_FORMAT = dwarf;
				ENABLE_STRICT_OBJC_MSGSEND = YES;
				ENABLE_TESTABILITY = YES;
				GCC_C_LANGUAGE_STANDARD = gnu11;
				GCC_DYNAMIC_NO_PIC = NO;
				GCC_NO_COMMON_BLOCKS = YES;
				GCC_OPTIMIZATION_LEVEL = 0;
				GCC_PREPROCESSOR_DEFINITIONS = (
					"DEBUG=1",
					"$(inherited)",
				);
				GCC_WARN_64_TO_32_BIT_CONVERSION = YES;
				GCC_WARN_ABOUT_RETURN_TYPE = YES_ERROR;
				GCC_WARN_UNDECLARED_SELECTOR = YES;
				GCC_WARN_UNINITIALIZED_AUTOS = YES_AGGRESSIVE;
				GCC_WARN_UNUSED_FUNCTION = YES;
				GCC_WARN_UNUSED_VARIABLE = YES;
				IPHONEOS_DEPLOYMENT_TARGET = 11.0;
				MTL_ENABLE_DEBUG_INFO = YES;
				ONLY_ACTIVE_ARCH = YES;
				SDKROOT = iphoneos;
				SWIFT_ACTIVE_COMPILATION_CONDITIONS = DEBUG;
				SWIFT_OPTIMIZATION_LEVEL = "-Onone";
			};
			name = Debug;
		};
		2BF6C9A91F8669AB007A8D9D /* Release */ = {
			isa = XCBuildConfiguration;
			buildSettings = {
				ALWAYS_SEARCH_USER_PATHS = NO;
				CLANG_ANALYZER_NONNULL = YES;
				CLANG_ANALYZER_NUMBER_OBJECT_CONVERSION = YES_AGGRESSIVE;
				CLANG_CXX_LANGUAGE_STANDARD = "gnu++14";
				CLANG_CXX_LIBRARY = "libc++";
				CLANG_ENABLE_MODULES = YES;
				CLANG_ENABLE_OBJC_ARC = YES;
				CLANG_WARN_BLOCK_CAPTURE_AUTORELEASING = YES;
				CLANG_WARN_BOOL_CONVERSION = YES;
				CLANG_WARN_COMMA = YES;
				CLANG_WARN_CONSTANT_CONVERSION = YES;
				CLANG_WARN_DIRECT_OBJC_ISA_USAGE = YES_ERROR;
				CLANG_WARN_DOCUMENTATION_COMMENTS = YES;
				CLANG_WARN_EMPTY_BODY = YES;
				CLANG_WARN_ENUM_CONVERSION = YES;
				CLANG_WARN_INFINITE_RECURSION = YES;
				CLANG_WARN_INT_CONVERSION = YES;
				CLANG_WARN_NON_LITERAL_NULL_CONVERSION = YES;
				CLANG_WARN_OBJC_LITERAL_CONVERSION = YES;
				CLANG_WARN_OBJC_ROOT_CLASS = YES_ERROR;
				CLANG_WARN_RANGE_LOOP_ANALYSIS = YES;
				CLANG_WARN_STRICT_PROTOTYPES = YES;
				CLANG_WARN_SUSPICIOUS_MOVE = YES;
				CLANG_WARN_UNGUARDED_AVAILABILITY = YES_AGGRESSIVE;
				CLANG_WARN_UNREACHABLE_CODE = YES;
				CLANG_WARN__DUPLICATE_METHOD_MATCH = YES;
				CODE_SIGN_IDENTITY = "iPhone Developer";
				COPY_PHASE_STRIP = NO;
				DEBUG_INFORMATION_FORMAT = "dwarf-with-dsym";
				ENABLE_NS_ASSERTIONS = NO;
				ENABLE_STRICT_OBJC_MSGSEND = YES;
				GCC_C_LANGUAGE_STANDARD = gnu11;
				GCC_NO_COMMON_BLOCKS = YES;
				GCC_WARN_64_TO_32_BIT_CONVERSION = YES;
				GCC_WARN_ABOUT_RETURN_TYPE = YES_ERROR;
				GCC_WARN_UNDECLARED_SELECTOR = YES;
				GCC_WARN_UNINITIALIZED_AUTOS = YES_AGGRESSIVE;
				GCC_WARN_UNUSED_FUNCTION = YES;
				GCC_WARN_UNUSED_VARIABLE = YES;
				IPHONEOS_DEPLOYMENT_TARGET = 11.0;
				MTL_ENABLE_DEBUG_INFO = NO;
				SDKROOT = iphoneos;
				SWIFT_OPTIMIZATION_LEVEL = "-Owholemodule";
				VALIDATE_PRODUCT = YES;
			};
			name = Release;
		};
		2BF6C9AB1F8669AB007A8D9D /* Debug */ = {
			isa = XCBuildConfiguration;
			baseConfigurationReference = 7C2DC7A0D0CC47A66C344CA0 /* Pods-Fleetalog.debug.xcconfig */;
			buildSettings = {
				ASSETCATALOG_COMPILER_APPICON_NAME = AppIcon;
				"CODE_SIGN_IDENTITY[sdk=iphoneos*]" = "iPhone Developer";
				CODE_SIGN_STYLE = Automatic;
				DEVELOPMENT_TEAM = A6WSB9NHED;
				INFOPLIST_FILE = "$(SRCROOT)/Fleetalog/Application/Info.plist";
				LD_RUNPATH_SEARCH_PATHS = "$(inherited) @executable_path/Frameworks";
				PRODUCT_BUNDLE_IDENTIFIER = com.gilsongil.Fleetalog;
				PRODUCT_NAME = "$(TARGET_NAME)";
				PROVISIONING_PROFILE_SPECIFIER = "";
				SWIFT_VERSION = 4.0;
				TARGETED_DEVICE_FAMILY = "1,2";
			};
			name = Debug;
		};
		2BF6C9AC1F8669AB007A8D9D /* Release */ = {
			isa = XCBuildConfiguration;
			baseConfigurationReference = 3D26BBB762171195501519DD /* Pods-Fleetalog.release.xcconfig */;
			buildSettings = {
				ASSETCATALOG_COMPILER_APPICON_NAME = AppIcon;
				"CODE_SIGN_IDENTITY[sdk=iphoneos*]" = "iPhone Developer";
				CODE_SIGN_STYLE = Automatic;
				DEVELOPMENT_TEAM = A6WSB9NHED;
				INFOPLIST_FILE = "$(SRCROOT)/Fleetalog/Application/Info.plist";
				LD_RUNPATH_SEARCH_PATHS = "$(inherited) @executable_path/Frameworks";
				PRODUCT_BUNDLE_IDENTIFIER = com.gilsongil.Fleetalog;
				PRODUCT_NAME = "$(TARGET_NAME)";
				PROVISIONING_PROFILE_SPECIFIER = "";
				SWIFT_VERSION = 4.0;
				TARGETED_DEVICE_FAMILY = "1,2";
			};
			name = Release;
		};
		2BF6C9AE1F8669AB007A8D9D /* Debug */ = {
			isa = XCBuildConfiguration;
			buildSettings = {
				ALWAYS_EMBED_SWIFT_STANDARD_LIBRARIES = YES;
				BUNDLE_LOADER = "$(TEST_HOST)";
				CODE_SIGN_STYLE = Automatic;
				INFOPLIST_FILE = FleetalogTests/Info.plist;
				LD_RUNPATH_SEARCH_PATHS = "$(inherited) @executable_path/Frameworks @loader_path/Frameworks";
				PRODUCT_BUNDLE_IDENTIFIER = com.gilsongil.FleetalogTests;
				PRODUCT_NAME = "$(TARGET_NAME)";
				SWIFT_VERSION = 4.0;
				TARGETED_DEVICE_FAMILY = "1,2";
				TEST_HOST = "$(BUILT_PRODUCTS_DIR)/Fleetalog.app/Fleetalog";
			};
			name = Debug;
		};
		2BF6C9AF1F8669AB007A8D9D /* Release */ = {
			isa = XCBuildConfiguration;
			buildSettings = {
				ALWAYS_EMBED_SWIFT_STANDARD_LIBRARIES = YES;
				BUNDLE_LOADER = "$(TEST_HOST)";
				CODE_SIGN_STYLE = Automatic;
				INFOPLIST_FILE = FleetalogTests/Info.plist;
				LD_RUNPATH_SEARCH_PATHS = "$(inherited) @executable_path/Frameworks @loader_path/Frameworks";
				PRODUCT_BUNDLE_IDENTIFIER = com.gilsongil.FleetalogTests;
				PRODUCT_NAME = "$(TARGET_NAME)";
				SWIFT_VERSION = 4.0;
				TARGETED_DEVICE_FAMILY = "1,2";
				TEST_HOST = "$(BUILT_PRODUCTS_DIR)/Fleetalog.app/Fleetalog";
			};
			name = Release;
		};
/* End XCBuildConfiguration section */

/* Begin XCConfigurationList section */
		2BF6C9881F8669AB007A8D9D /* Build configuration list for PBXProject "Fleetalog" */ = {
			isa = XCConfigurationList;
			buildConfigurations = (
				2BF6C9A81F8669AB007A8D9D /* Debug */,
				2BF6C9A91F8669AB007A8D9D /* Release */,
			);
			defaultConfigurationIsVisible = 0;
			defaultConfigurationName = Release;
		};
		2BF6C9AA1F8669AB007A8D9D /* Build configuration list for PBXNativeTarget "Fleetalog" */ = {
			isa = XCConfigurationList;
			buildConfigurations = (
				2BF6C9AB1F8669AB007A8D9D /* Debug */,
				2BF6C9AC1F8669AB007A8D9D /* Release */,
			);
			defaultConfigurationIsVisible = 0;
			defaultConfigurationName = Release;
		};
		2BF6C9AD1F8669AB007A8D9D /* Build configuration list for PBXNativeTarget "FleetalogTests" */ = {
			isa = XCConfigurationList;
			buildConfigurations = (
				2BF6C9AE1F8669AB007A8D9D /* Debug */,
				2BF6C9AF1F8669AB007A8D9D /* Release */,
			);
			defaultConfigurationIsVisible = 0;
			defaultConfigurationName = Release;
		};
/* End XCConfigurationList section */
	};
	rootObject = 2BF6C9851F8669AB007A8D9D /* Project object */;
}
